
Microsoft Visual Studio Solution File, Format Version 12.00
# Visual Studio Version 16
VisualStudioVersion = 16.0.31025.194
MinimumVisualStudioVersion = 10.0.40219.1
Project("{FAE04EC0-301F-11D3-BF4B-00C04F79EFBC}") = "ConsoleApiDemo", "ConsoleApiDemo\ConsoleApiDemo.csproj", "{19CE09C3-9BD6-469B-90AD-073DBBFB3779}"
EndProject
Global
	GlobalSection(SolutionConfigurationPlatforms) = preSolution
		Debug|Any CPU = Debug|Any CPU
		Release|Any CPU = Release|Any CPU
	EndGlobalSection
	GlobalSection(ProjectConfigurationPlatforms) = postSolution
		{19CE09C3-9BD6-469B-90AD-073DBBFB3779}.Debug|Any CPU.ActiveCfg = Debug|Any CPU
		{19CE09C3-9BD6-469B-90AD-073DBBFB3779}.Debug|Any CPU.Build.0 = Debug|Any CPU
		{19CE09C3-9BD6-469B-90AD-073DBBFB3779}.Release|Any CPU.ActiveCfg = Release|Any CPU
		{19CE09C3-9BD6-469B-90AD-073DBBFB3779}.Release|Any CPU.Build.0 = Release|Any CPU
	EndGlobalSection
	GlobalSection(SolutionProperties) = preSolution
		HideSolutionNode = FALSE
	EndGlobalSection
	GlobalSection(ExtensibilityGlobals) = postSolution
		SolutionGuid = {B60DAF37-6AEC-4350-947C-FDC9A7234B2C}
	EndGlobalSection
EndGlobal
